
Microsoft Visual Studio Solution File, Format Version 12.00
# Visual Studio Version 17
VisualStudioVersion = 17.0.32126.317
MinimumVisualStudioVersion = 10.0.40219.1
Project("{FAE04EC0-301F-11D3-BF4B-00C04F79EFBC}") = "ProCodeGuide.Samples.ThreadPoolConfig", "ProCodeGuide.Samples.ThreadPoolConfig\ProCodeGuide.Samples.ThreadPoolConfig.csproj", "{F3B0BEF1-6432-43E7-A81F-21F17FEFD096}"
EndProject
Global
	GlobalSection(SolutionConfigurationPlatforms) = preSolution
		Debug|Any CPU = Debug|Any CPU
		Release|Any CPU = Release|Any CPU
	EndGlobalSection
	GlobalSection(ProjectConfigurationPlatforms) = postSolution
		{F3B0BEF1-6432-43E7-A81F-21F17FEFD096}.Debug|Any CPU.ActiveCfg = Debug|Any CPU
		{F3B0BEF1-6432-43E7-A81F-21F17FEFD096}.Debug|Any CPU.Build.0 = Debug|Any CPU
		{F3B0BEF1-6432-43E7-A81F-21F17FEFD096}.Release|Any CPU.ActiveCfg = Release|Any CPU
		{F3B0BEF1-6432-43E7-A81F-21F17FEFD096}.Release|Any CPU.Build.0 = Release|Any CPU
	EndGlobalSection
	GlobalSection(SolutionProperties) = preSolution
		HideSolutionNode = FALSE
	EndGlobalSection
	GlobalSection(ExtensibilityGlobals) = postSolution
		SolutionGuid = {7180CD72-6475-4B6F-9144-1D227E02DA83}
	EndGlobalSection
EndGlobal
